<?xml version="1.0" encoding="utf-8"?>
<Project ToolsVersion="4.0" xmlns="http://schemas.microsoft.com/developer/msbuild/2003">
  <ItemGroup>
    <Filter Include="Source Files">
      <UniqueIdentifier>{4FC737F1-C7A5-4376-A066-2A32D752A2FF}</UniqueIdentifier>
      <Extensions>cpp;cxx;c;def</Extensions>
    </Filter>
    <Filter Include="Header Files">
      <UniqueIdentifier>{93995380-89BD-4b04-88EB-625FBE52EBFB}</UniqueIdentifier>
      <Extensions>h</Extensions>
    </Filter>
    <Filter Include="Form Files">
      <UniqueIdentifier>{99349809-55BA-4b9d-BF79-8FDBB0286EB3}</UniqueIdentifier>
      <Extensions>ui</Extensions>
    </Filter>
    <Filter Include="Resource Files">
      <UniqueIdentifier>{D9D6E242-F8AF-46E4-B9FD-80ECBC20BA3E}</UniqueIdentifier>
      <Extensions>qrc;*</Extensions>
      <ParseFiles>false</ParseFiles>
    </Filter>
    <Filter Include="Generated Files">
      <UniqueIdentifier>{71ED8ED8-ACB9-4CE9-BBE1-E00B30144E11}</UniqueIdentifier>
      <Extensions>moc;h;cpp</Extensions>
      <SourceControlFiles>False</SourceControlFiles>
    </Filter>
    <Filter Include="Generated Files\Debug">
      <UniqueIdentifier>{7a8e6183-e664-4238-85d8-f3fb1755f369}</UniqueIdentifier>
      <Extensions>cpp;moc</Extensions>
      <SourceControlFiles>False</SourceControlFiles>
    </Filter>
    <Filter Include="Generated Files\Release">
      <UniqueIdentifier>{6be588b4-fdf5-4e1c-9b8e-eca3a8858176}</UniqueIdentifier>
      <Extensions>cpp;moc</Extensions>
      <SourceControlFiles>False</SourceControlFiles>
    </Filter>
    <Filter Include="Net">
      <UniqueIdentifier>{17271d54-be04-4a89-a323-c2290490e308}</UniqueIdentifier>
    </Filter>
  </ItemGroup>
  <ItemGroup>
    <ClCompile Include="main.cpp">
      <Filter>Source Files</Filter>
    </ClCompile>
    <ClCompile Include="GeneratedFiles\qrc_rtdbdataserver.cpp">
      <Filter>Generated Files</Filter>
    </ClCompile>
    <ClCompile Include="CallBackThread.cpp">
      <Filter>Source Files</Filter>
    </ClCompile>
    <ClCompile Include="netsetting.cpp">
      <Filter>Source Files</Filter>
    </ClCompile>
    <ClCompile Include="GeneratedFiles\Debug\moc_netsetting.cpp">
      <Filter>Generated Files\Debug</Filter>
    </ClCompile>
    <ClCompile Include="GeneratedFiles\Release\moc_netsetting.cpp">
      <Filter>Generated Files\Release</Filter>
    </ClCompile>
    <ClCompile Include="rtdbnetplugn.cpp">
      <Filter>Source Files</Filter>
    </ClCompile>
    <ClCompile Include="GeneratedFiles\Debug\moc_rtdbdataserver.cpp">
      <Filter>Generated Files\Debug</Filter>
    </ClCompile>
    <ClCompile Include="GeneratedFiles\Release\moc_rtdbdataserver.cpp">
      <Filter>Generated Files\Release</Filter>
    </ClCompile>
    <ClCompile Include="rtdbdataserver.cpp">
      <Filter>Source Files</Filter>
    </ClCompile>
    <ClCompile Include="commonFun.cpp">
      <Filter>Source Files</Filter>
    </ClCompile>
    <ClCompile Include="GeneratedFiles\Debug\moc_mytcpserver.cpp">
      <Filter>Generated Files\Debug</Filter>
    </ClCompile>
    <ClCompile Include="GeneratedFiles\Release\moc_mytcpserver.cpp">
      <Filter>Generated Files\Release</Filter>
    </ClCompile>
    <ClCompile Include="GeneratedFiles\Debug\moc_socketthread.cpp">
      <Filter>Generated Files\Debug</Filter>
    </ClCompile>
    <ClCompile Include="GeneratedFiles\Release\moc_socketthread.cpp">
      <Filter>Generated Files\Release</Filter>
    </ClCompile>
    <ClCompile Include="mytcpserver.cpp">
      <Filter>Net</Filter>
    </ClCompile>
    <ClCompile Include="udpSock.cpp">
      <Filter>Net</Filter>
    </ClCompile>
    <ClCompile Include="socketthread.cpp">
      <Filter>Net</Filter>
    </ClCompile>
    <ClCompile Include="NetSettingClass.cpp">
      <Filter>Net</Filter>
    </ClCompile>
    <ClCompile Include="GeneratedFiles\Debug\moc_MyDlg.cpp">
      <Filter>Generated Files\Debug</Filter>
    </ClCompile>
    <ClCompile Include="GeneratedFiles\Release\moc_MyDlg.cpp">
      <Filter>Generated Files\Release</Filter>
    </ClCompile>
    <ClCompile Include="sendfilethread.cpp">
      <Filter>Net</Filter>
    </ClCompile>
    <ClCompile Include="GeneratedFiles\Debug\moc_sendfilethread.cpp">
      <Filter>Generated Files\Debug</Filter>
    </ClCompile>
    <ClCompile Include="GeneratedFiles\Release\moc_sendfilethread.cpp">
      <Filter>Generated Files\Release</Filter>
    </ClCompile>
    <ClCompile Include="sendthreadmgr.cpp">
      <Filter>Net</Filter>
    </ClCompile>
    <ClCompile Include="GeneratedFiles\Debug\moc_sendthreadmgr.cpp">
      <Filter>Generated Files\Debug</Filter>
    </ClCompile>
    <ClCompile Include="GeneratedFiles\Release\moc_sendthreadmgr.cpp">
      <Filter>Generated Files\Release</Filter>
    </ClCompile>
    <ClCompile Include="GeneratedFiles\Debug\moc_udpSock.cpp">
      <Filter>Generated Files\Debug</Filter>
    </ClCompile>
    <ClCompile Include="GeneratedFiles\Release\moc_udpSock.cpp">
      <Filter>Generated Files\Release</Filter>
    </ClCompile>
    <ClCompile Include="GeneratedFiles\Debug\moc_NetSettingClass.cpp">
      <Filter>Generated Files\Debug</Filter>
    </ClCompile>
    <ClCompile Include="GeneratedFiles\Release\moc_NetSettingClass.cpp">
      <Filter>Generated Files\Release</Filter>
    </ClCompile>
    <ClCompile Include="GeneratedFiles\Debug\moc_cmdTCPThread.cpp">
      <Filter>Generated Files\Debug</Filter>
    </ClCompile>
    <ClCompile Include="GeneratedFiles\Release\moc_cmdTCPThread.cpp">
      <Filter>Generated Files\Release</Filter>
    </ClCompile>
    <ClCompile Include="cmdTCPThread.cpp">
      <Filter>Net</Filter>
    </ClCompile>
    <ClCompile Include="SendDbThread.cpp">
      <Filter>Net</Filter>
    </ClCompile>
  </ItemGroup>
  <ItemGroup>
    <CustomBuild Include="rtdbdataserver.ui">
      <Filter>Form Files</Filter>
    </CustomBuild>
    <CustomBuild Include="rtdbdataserver.qrc">
      <Filter>Resource Files</Filter>
    </CustomBuild>
    <CustomBuild Include="netsetting.ui">
      <Filter>Form Files</Filter>
    </CustomBuild>
    <CustomBuild Include="setdatasource.ui">
      <Filter>Form Files</Filter>
    </CustomBuild>
    <CustomBuild Include="netsetting.h">
      <Filter>Header Files</Filter>
    </CustomBuild>
    <CustomBuild Include="rtdbdataserver.h">
      <Filter>Header Files</Filter>
    </CustomBuild>
    <CustomBuild Include="mytcpserver.h">
      <Filter>Net</Filter>
    </CustomBuild>
    <CustomBuild Include="socketthread.h">
      <Filter>Net</Filter>
    </CustomBuild>
    <CustomBuild Include="MyDlg.h">
      <Filter>Net</Filter>
    </CustomBuild>
    <CustomBuild Include="sendfilethread.h">
      <Filter>Net</Filter>
    </CustomBuild>
    <CustomBuild Include="sendthreadmgr.h">
      <Filter>Net</Filter>
    </CustomBuild>
    <CustomBuild Include="udpSock.h">
      <Filter>Net</Filter>
    </CustomBuild>
    <CustomBuild Include="NetSettingClass.h">
      <Filter>Net</Filter>
    </CustomBuild>
    <CustomBuild Include="cmdTCPThread.h">
      <Filter>Net</Filter>
    </CustomBuild>
    <CustomBuild Include="SendDbThread.h">
      <Filter>Net</Filter>
    </CustomBuild>
  </ItemGroup>
  <ItemGroup>
    <ClInclude Include="GeneratedFiles\ui_rtdbdataserver.h">
      <Filter>Generated Files</Filter>
    </ClInclude>
    <ClInclude Include="GeneratedFiles\ui_netsetting.h">
      <Filter>Generated Files</Filter>
    </ClInclude>
    <ClInclude Include="GeneratedFiles\ui_setdatasource.h">
      <Filter>Generated Files</Filter>
    </ClInclude>
    <ClInclude Include="CallBackThread.h">
      <Filter>Header Files</Filter>
    </ClInclude>
    <ClInclude Include="netinterfaces.h">
      <Filter>Header Files</Filter>
    </ClInclude>
    <ClInclude Include="rtdbnetplugn.h">
      <Filter>Header Files</Filter>
    </ClInclude>
    <ClInclude Include="commonFun.h">
      <Filter>Header Files</Filter>
    </ClInclude>
    <ClInclude Include="NetCmdDef.h">
      <Filter>Net</Filter>
    </ClInclude>
    <ClInclude Include="header_SysConfig.h">
      <Filter>Header Files</Filter>
    </ClInclude>
  </ItemGroup>
</Project>